// !$*UTF8*$!
{
	archiveVersion = 1;
	classes = {
	};
	objectVersion = 50;
	objects = {

/* Begin PBXBuildFile section */
		3908E30225F25240002BD085 /* Task5.c in Sources */ = {isa = PBXBuildFile; fileRef = 3908E30125F25240002BD085 /* Task5.c */; };
		3908E30525F25948002BD085 /* Task6.c in Sources */ = {isa = PBXBuildFile; fileRef = 3908E30425F25948002BD085 /* Task6.c */; };
		3908E30825F25A60002BD085 /* Task1.c in Sources */ = {isa = PBXBuildFile; fileRef = 3908E30725F25A60002BD085 /* Task1.c */; };
		3908E30B25F25B9C002BD085 /* Task2.c in Sources */ = {isa = PBXBuildFile; fileRef = 3908E30A25F25B9C002BD085 /* Task2.c */; };
		3908E30E25F25F46002BD085 /* Task3.c in Sources */ = {isa = PBXBuildFile; fileRef = 3908E30D25F25F46002BD085 /* Task3.c */; };
		396201B825EFBC0C006BFB4C /* Task4.c in Sources */ = {isa = PBXBuildFile; fileRef = 396201B725EFBC0C006BFB4C /* Task4.c */; };
		39BD3A7E25ED220600D373C4 /* Task1.c in Sources */ = {isa = PBXBuildFile; fileRef = 39BD3A7D25ED220600D373C4 /* Task1.c */; };
		39BD3A8725ED22F700D373C4 /* Task2.c in Sources */ = {isa = PBXBuildFile; fileRef = 39BD3A8625ED22F700D373C4 /* Task2.c */; };
		39BD3A8A25ED23F300D373C4 /* Task3.c in Sources */ = {isa = PBXBuildFile; fileRef = 39BD3A8925ED23F300D373C4 /* Task3.c */; };
/* End PBXBuildFile section */

/* Begin PBXCopyFilesBuildPhase section */
		39BD3A7825ED220600D373C4 /* CopyFiles */ = {
			isa = PBXCopyFilesBuildPhase;
			buildActionMask = 2147483647;
			dstPath = /usr/share/man/man1/;
			dstSubfolderSpec = 0;
			files = (
			);
			runOnlyForDeploymentPostprocessing = 1;
		};
/* End PBXCopyFilesBuildPhase section */

/* Begin PBXFileReference section */
		3908E30125F25240002BD085 /* Task5.c */ = {isa = PBXFileReference; lastKnownFileType = sourcecode.c.c; path = Task5.c; sourceTree = "<group>"; };
		3908E30425F25948002BD085 /* Task6.c */ = {isa = PBXFileReference; lastKnownFileType = sourcecode.c.c; path = Task6.c; sourceTree = "<group>"; };
		3908E30725F25A60002BD085 /* Task1.c */ = {isa = PBXFileReference; lastKnownFileType = sourcecode.c.c; path = Task1.c; sourceTree = "<group>"; };
		3908E30A25F25B9C002BD085 /* Task2.c */ = {isa = PBXFileReference; lastKnownFileType = sourcecode.c.c; path = Task2.c; sourceTree = "<group>"; };
		3908E30D25F25F46002BD085 /* Task3.c */ = {isa = PBXFileReference; lastKnownFileType = sourcecode.c.c; path = Task3.c; sourceTree = "<group>"; };
		396201B725EFBC0C006BFB4C /* Task4.c */ = {isa = PBXFileReference; lastKnownFileType = sourcecode.c.c; path = Task4.c; sourceTree = "<group>"; };
		39BD3A7A25ED220600D373C4 /* Laboratory4 */ = {isa = PBXFileReference; explicitFileType = "compiled.mach-o.executable"; includeInIndex = 0; path = Laboratory4; sourceTree = BUILT_PRODUCTS_DIR; };
		39BD3A7D25ED220600D373C4 /* Task1.c */ = {isa = PBXFileReference; lastKnownFileType = sourcecode.c.c; path = Task1.c; sourceTree = "<group>"; };
		39BD3A8625ED22F700D373C4 /* Task2.c */ = {isa = PBXFileReference; lastKnownFileType = sourcecode.c.c; path = Task2.c; sourceTree = "<group>"; };
		39BD3A8925ED23F300D373C4 /* Task3.c */ = {isa = PBXFileReference; lastKnownFileType = sourcecode.c.c; path = Task3.c; sourceTree = "<group>"; };
/* End PBXFileReference section */

/* Begin PBXFrameworksBuildPhase section */
		39BD3A7725ED220600D373C4 /* Frameworks */ = {
			isa = PBXFrameworksBuildPhase;
			buildActionMask = 2147483647;
			files = (
			);
			runOnlyForDeploymentPostprocessing = 0;
		};
/* End PBXFrameworksBuildPhase section */

/* Begin PBXGroup section */
		39BD3A7125ED220600D373C4 = {
			isa = PBXGroup;
			children = (
				39BD3A7C25ED220600D373C4 /* Laboratory4 */,
				39BD3A7B25ED220600D373C4 /* Products */,
			);
			sourceTree = "<group>";
		};
		39BD3A7B25ED220600D373C4 /* Products */ = {
			isa = PBXGroup;
			children = (
				39BD3A7A25ED220600D373C4 /* Laboratory4 */,
			);
			name = Products;
			sourceTree = "<group>";
		};
		39BD3A7C25ED220600D373C4 /* Laboratory4 */ = {
			isa = PBXGroup;
			children = (
				39BD3A7D25ED220600D373C4 /* Task1.c */,
				39BD3A8625ED22F700D373C4 /* Task2.c */,
				39BD3A8925ED23F300D373C4 /* Task3.c */,
				396201B725EFBC0C006BFB4C /* Task4.c */,
				3908E30125F25240002BD085 /* Task5.c */,
				3908E30425F25948002BD085 /* Task6.c */,
				39BD3A8C25ED245900D373C4 /* Homework */,
			);
			path = Laboratory4;
			sourceTree = "<group>";
		};
		39BD3A8C25ED245900D373C4 /* Homework */ = {
			isa = PBXGroup;
			children = (
				3908E30725F25A60002BD085 /* Task1.c */,
				3908E30A25F25B9C002BD085 /* Task2.c */,
				3908E30D25F25F46002BD085 /* Task3.c */,
			);
			path = Homework;
			sourceTree = "<group>";
		};
/* End PBXGroup section */

/* Begin PBXNativeTarget section */
		39BD3A7925ED220600D373C4 /* Laboratory4 */ = {
			isa = PBXNativeTarget;
			buildConfigurationList = 39BD3A8125ED220600D373C4 /* Build configuration list for PBXNativeTarget "Laboratory4" */;
			buildPhases = (
				39BD3A7625ED220600D373C4 /* Sources */,
				39BD3A7725ED220600D373C4 /* Frameworks */,
				39BD3A7825ED220600D373C4 /* CopyFiles */,
			);
			buildRules = (
			);
			dependencies = (
			);
			name = Laboratory4;
			productName = Laboratory4;
			productReference = 39BD3A7A25ED220600D373C4 /* Laboratory4 */;
			productType = "com.apple.product-type.tool";
		};
/* End PBXNativeTarget section */

/* Begin PBXProject section */
		39BD3A7225ED220600D373C4 /* Project object */ = {
			isa = PBXProject;
			attributes = {
				LastUpgradeCheck = 1240;
				TargetAttributes = {
					39BD3A7925ED220600D373C4 = {
						CreatedOnToolsVersion = 12.4;
					};
				};
			};
			buildConfigurationList = 39BD3A7525ED220600D373C4 /* Build configuration list for PBXProject "Laboratory4" */;
			compatibilityVersion = "Xcode 9.3";
			developmentRegion = en;
			hasScannedForEncodings = 0;
			knownRegions = (
				en,
				Base,
			);
			mainGroup = 39BD3A7125ED220600D373C4;
			productRefGroup = 39BD3A7B25ED220600D373C4 /* Products */;
			projectDirPath = "";
			projectRoot = "";
			targets = (
				39BD3A7925ED220600D373C4 /* Laboratory4 */,
			);
		};
/* End PBXProject section */

/* Begin PBXSourcesBuildPhase section */
		39BD3A7625ED220600D373C4 /* Sources */ = {
			isa = PBXSourcesBuildPhase;
			buildActionMask = 2147483647;
			files = (
				3908E30E25F25F46002BD085 /* Task3.c in Sources */,
				39BD3A8A25ED23F300D373C4 /* Task3.c in Sources */,
				3908E30225F25240002BD085 /* Task5.c in Sources */,
				39BD3A7E25ED220600D373C4 /* Task1.c in Sources */,
				3908E30825F25A60002BD085 /* Task1.c in Sources */,
				3908E30525F25948002BD085 /* Task6.c in Sources */,
				3908E30B25F25B9C002BD085 /* Task2.c in Sources */,
				39BD3A8725ED22F700D373C4 /* Task2.c in Sources */,
				396201B825EFBC0C006BFB4C /* Task4.c in Sources */,
			);
			runOnlyForDeploymentPostprocessing = 0;
		};
/* End PBXSourcesBuildPhase section */

/* Begin XCBuildConfiguration section */
		39BD3A7F25ED220600D373C4 /* Debug */ = {
			isa = XCBuildConfiguration;
			buildSettings = {
				ALWAYS_SEARCH_USER_PATHS = NO;
				CLANG_ANALYZER_NONNULL = YES;
				CLANG_ANALYZER_NUMBER_OBJECT_CONVERSION = YES_AGGRESSIVE;
				CLANG_CXX_LANGUAGE_STANDARD = "gnu++14";
				CLANG_CXX_LIBRARY = "libc++";
				CLANG_ENABLE_MODULES = YES;
				CLANG_ENABLE_OBJC_ARC = YES;
				CLANG_ENABLE_OBJC_WEAK = YES;
				CLANG_WARN_BLOCK_CAPTURE_AUTORELEASING = YES;
				CLANG_WARN_BOOL_CONVERSION = YES;
				CLANG_WARN_COMMA = YES;
				CLANG_WARN_CONSTANT_CONVERSION = YES;
				CLANG_WARN_DEPRECATED_OBJC_IMPLEMENTATIONS = YES;
				CLANG_WARN_DIRECT_OBJC_ISA_USAGE = YES_ERROR;
				CLANG_WARN_DOCUMENTATION_COMMENTS = YES;
				CLANG_WARN_EMPTY_BODY = YES;
				CLANG_WARN_ENUM_CONVERSION = YES;
				CLANG_WARN_INFINITE_RECURSION = YES;
				CLANG_WARN_INT_CONVERSION = YES;
				CLANG_WARN_NON_LITERAL_NULL_CONVERSION = YES;
				CLANG_WARN_OBJC_IMPLICIT_RETAIN_SELF = YES;
				CLANG_WARN_OBJC_LITERAL_CONVERSION = YES;
				CLANG_WARN_OBJC_ROOT_CLASS = YES_ERROR;
				CLANG_WARN_QUOTED_INCLUDE_IN_FRAMEWORK_HEADER = YES;
				CLANG_WARN_RANGE_LOOP_ANALYSIS = YES;
				CLANG_WARN_STRICT_PROTOTYPES = YES;
				CLANG_WARN_SUSPICIOUS_MOVE = YES;
				CLANG_WARN_UNGUARDED_AVAILABILITY = YES_AGGRESSIVE;
				CLANG_WARN_UNREACHABLE_CODE = YES;
				CLANG_WARN__DUPLICATE_METHOD_MATCH = YES;
				COPY_PHASE_STRIP = NO;
				DEBUG_INFORMATION_FORMAT = dwarf;
				ENABLE_STRICT_OBJC_MSGSEND = YES;
				ENABLE_TESTABILITY = YES;
				GCC_C_LANGUAGE_STANDARD = gnu11;
				GCC_DYNAMIC_NO_PIC = NO;
				GCC_NO_COMMON_BLOCKS = YES;
				GCC_OPTIMIZATION_LEVEL = 0;
				GCC_PREPROCESSOR_DEFINITIONS = (
					"DEBUG=1",
					"$(inherited)",
				);
				GCC_WARN_64_TO_32_BIT_CONVERSION = YES;
				GCC_WARN_ABOUT_RETURN_TYPE = YES_ERROR;
				GCC_WARN_UNDECLARED_SELECTOR = YES;
				GCC_WARN_UNINITIALIZED_AUTOS = YES_AGGRESSIVE;
				GCC_WARN_UNUSED_FUNCTION = YES;
				GCC_WARN_UNUSED_VARIABLE = YES;
				MACOSX_DEPLOYMENT_TARGET = 11.0;
				MTL_ENABLE_DEBUG_INFO = INCLUDE_SOURCE;
				MTL_FAST_MATH = YES;
				ONLY_ACTIVE_ARCH = YES;
				SDKROOT = macosx;
			};
			name = Debug;
		};
		39BD3A8025ED220600D373C4 /* Release */ = {
			isa = XCBuildConfiguration;
			buildSettings = {
				ALWAYS_SEARCH_USER_PATHS = NO;
				CLANG_ANALYZER_NONNULL = YES;
				CLANG_ANALYZER_NUMBER_OBJECT_CONVERSION = YES_AGGRESSIVE;
				CLANG_CXX_LANGUAGE_STANDARD = "gnu++14";
				CLANG_CXX_LIBRARY = "libc++";
				CLANG_ENABLE_MODULES = YES;
				CLANG_ENABLE_OBJC_ARC = YES;
				CLANG_ENABLE_OBJC_WEAK = YES;
				CLANG_WARN_BLOCK_CAPTURE_AUTORELEASING = YES;
				CLANG_WARN_BOOL_CONVERSION = YES;
				CLANG_WARN_COMMA = YES;
				CLANG_WARN_CONSTANT_CONVERSION = YES;
				CLANG_WARN_DEPRECATED_OBJC_IMPLEMENTATIONS = YES;
				CLANG_WARN_DIRECT_OBJC_ISA_USAGE = YES_ERROR;
				CLANG_WARN_DOCUMENTATION_COMMENTS = YES;
				CLANG_WARN_EMPTY_BODY = YES;
				CLANG_WARN_ENUM_CONVERSION = YES;
				CLANG_WARN_INFINITE_RECURSION = YES;
				CLANG_WARN_INT_CONVERSION = YES;
				CLANG_WARN_NON_LITERAL_NULL_CONVERSION = YES;
				CLANG_WARN_OBJC_IMPLICIT_RETAIN_SELF = YES;
				CLANG_WARN_OBJC_LITERAL_CONVERSION = YES;
				CLANG_WARN_OBJC_ROOT_CLASS = YES_ERROR;
				CLANG_WARN_QUOTED_INCLUDE_IN_FRAMEWORK_HEADER = YES;
				CLANG_WARN_RANGE_LOOP_ANALYSIS = YES;
				CLANG_WARN_STRICT_PROTOTYPES = YES;
				CLANG_WARN_SUSPICIOUS_MOVE = YES;
				CLANG_WARN_UNGUARDED_AVAILABILITY = YES_AGGRESSIVE;
				CLANG_WARN_UNREACHABLE_CODE = YES;
				CLANG_WARN__DUPLICATE_METHOD_MATCH = YES;
				COPY_PHASE_STRIP = NO;
				DEBUG_INFORMATION_FORMAT = "dwarf-with-dsym";
				ENABLE_NS_ASSERTIONS = NO;
				ENABLE_STRICT_OBJC_MSGSEND = YES;
				GCC_C_LANGUAGE_STANDARD = gnu11;
				GCC_NO_COMMON_BLOCKS = YES;
				GCC_WARN_64_TO_32_BIT_CONVERSION = YES;
				GCC_WARN_ABOUT_RETURN_TYPE = YES_ERROR;
				GCC_WARN_UNDECLARED_SELECTOR = YES;
				GCC_WARN_UNINITIALIZED_AUTOS = YES_AGGRESSIVE;
				GCC_WARN_UNUSED_FUNCTION = YES;
				GCC_WARN_UNUSED_VARIABLE = YES;
				MACOSX_DEPLOYMENT_TARGET = 11.0;
				MTL_ENABLE_DEBUG_INFO = NO;
				MTL_FAST_MATH = YES;
				SDKROOT = macosx;
			};
			name = Release;
		};
		39BD3A8225ED220600D373C4 /* Debug */ = {
			isa = XCBuildConfiguration;
			buildSettings = {
				CODE_SIGN_STYLE = Automatic;
				DEVELOPMENT_TEAM = 3QF29QN473;
				ENABLE_HARDENED_RUNTIME = YES;
				PRODUCT_NAME = "$(TARGET_NAME)";
			};
			name = Debug;
		};
		39BD3A8325ED220600D373C4 /* Release */ = {
			isa = XCBuildConfiguration;
			buildSettings = {
				CODE_SIGN_STYLE = Automatic;
				DEVELOPMENT_TEAM = 3QF29QN473;
				ENABLE_HARDENED_RUNTIME = YES;
				PRODUCT_NAME = "$(TARGET_NAME)";
			};
			name = Release;
		};
/* End XCBuildConfiguration section */

/* Begin XCConfigurationList section */
		39BD3A7525ED220600D373C4 /* Build configuration list for PBXProject "Laboratory4" */ = {
			isa = XCConfigurationList;
			buildConfigurations = (
				39BD3A7F25ED220600D373C4 /* Debug */,
				39BD3A8025ED220600D373C4 /* Release */,
			);
			defaultConfigurationIsVisible = 0;
			defaultConfigurationName = Release;
		};
		39BD3A8125ED220600D373C4 /* Build configuration list for PBXNativeTarget "Laboratory4" */ = {
			isa = XCConfigurationList;
			buildConfigurations = (
				39BD3A8225ED220600D373C4 /* Debug */,
				39BD3A8325ED220600D373C4 /* Release */,
			);
			defaultConfigurationIsVisible = 0;
			defaultConfigurationName = Release;
		};
/* End XCConfigurationList section */
	};
	rootObject = 39BD3A7225ED220600D373C4 /* Project object */;
}
