// !$*UTF8*$!
{
	archiveVersion = 1;
	classes = {
	};
	objectVersion = 50;
	objects = {

/* Begin PBXBuildFile section */
		3962DFE22601BF7F00A77426 /* Task1.c in Sources */ = {isa = PBXBuildFile; fileRef = 3962DFE12601BF7F00A77426 /* Task1.c */; };
		3962DFEB2601C39500A77426 /* Task2.c in Sources */ = {isa = PBXBuildFile; fileRef = 3962DFEA2601C39500A77426 /* Task2.c */; };
		3962DFF22601E28D00A77426 /* Task4.c in Sources */ = {isa = PBXBuildFile; fileRef = 3962DFF12601E28D00A77426 /* Task4.c */; };
		3962DFF62601EC7700A77426 /* Task5.c in Sources */ = {isa = PBXBuildFile; fileRef = 3962DFF52601EC7700A77426 /* Task5.c */; };
		3962DFFF2601FDAA00A77426 /* Task3.c in Sources */ = {isa = PBXBuildFile; fileRef = 3962DFFE2601FDAA00A77426 /* Task3.c */; };
		3962E00A26021C3F00A77426 /* Task2.c in Sources */ = {isa = PBXBuildFile; fileRef = 3962E00926021C3F00A77426 /* Task2.c */; };
		3962E00D26024A5C00A77426 /* Task3.c in Sources */ = {isa = PBXBuildFile; fileRef = 3962E00C26024A5C00A77426 /* Task3.c */; };
/* End PBXBuildFile section */

/* Begin PBXCopyFilesBuildPhase section */
		3962DFDC2601BF7F00A77426 /* CopyFiles */ = {
			isa = PBXCopyFilesBuildPhase;
			buildActionMask = 2147483647;
			dstPath = /usr/share/man/man1/;
			dstSubfolderSpec = 0;
			files = (
			);
			runOnlyForDeploymentPostprocessing = 1;
		};
/* End PBXCopyFilesBuildPhase section */

/* Begin PBXFileReference section */
		3962DFDE2601BF7F00A77426 /* Laboratory6 */ = {isa = PBXFileReference; explicitFileType = "compiled.mach-o.executable"; includeInIndex = 0; path = Laboratory6; sourceTree = BUILT_PRODUCTS_DIR; };
		3962DFE12601BF7F00A77426 /* Task1.c */ = {isa = PBXFileReference; lastKnownFileType = sourcecode.c.c; path = Task1.c; sourceTree = "<group>"; };
		3962DFEA2601C39500A77426 /* Task2.c */ = {isa = PBXFileReference; lastKnownFileType = sourcecode.c.c; path = Task2.c; sourceTree = "<group>"; };
		3962DFF12601E28D00A77426 /* Task4.c */ = {isa = PBXFileReference; lastKnownFileType = sourcecode.c.c; path = Task4.c; sourceTree = "<group>"; };
		3962DFF52601EC7700A77426 /* Task5.c */ = {isa = PBXFileReference; lastKnownFileType = sourcecode.c.c; path = Task5.c; sourceTree = "<group>"; };
		3962DFFE2601FDAA00A77426 /* Task3.c */ = {isa = PBXFileReference; lastKnownFileType = sourcecode.c.c; path = Task3.c; sourceTree = "<group>"; };
		3962E00926021C3F00A77426 /* Task2.c */ = {isa = PBXFileReference; lastKnownFileType = sourcecode.c.c; path = Task2.c; sourceTree = "<group>"; };
		3962E00C26024A5C00A77426 /* Task3.c */ = {isa = PBXFileReference; lastKnownFileType = sourcecode.c.c; path = Task3.c; sourceTree = "<group>"; };
/* End PBXFileReference section */

/* Begin PBXFrameworksBuildPhase section */
		3962DFDB2601BF7F00A77426 /* Frameworks */ = {
			isa = PBXFrameworksBuildPhase;
			buildActionMask = 2147483647;
			files = (
			);
			runOnlyForDeploymentPostprocessing = 0;
		};
/* End PBXFrameworksBuildPhase section */

/* Begin PBXGroup section */
		3962DFD52601BF7F00A77426 = {
			isa = PBXGroup;
			children = (
				3962DFE02601BF7F00A77426 /* Laboratory6 */,
				3962DFDF2601BF7F00A77426 /* Products */,
			);
			sourceTree = "<group>";
		};
		3962DFDF2601BF7F00A77426 /* Products */ = {
			isa = PBXGroup;
			children = (
				3962DFDE2601BF7F00A77426 /* Laboratory6 */,
			);
			name = Products;
			sourceTree = "<group>";
		};
		3962DFE02601BF7F00A77426 /* Laboratory6 */ = {
			isa = PBXGroup;
			children = (
				3962E0032602037600A77426 /* Homework */,
				3962E0022602035300A77426 /* Classwork */,
			);
			path = Laboratory6;
			sourceTree = "<group>";
		};
		3962E0022602035300A77426 /* Classwork */ = {
			isa = PBXGroup;
			children = (
				3962DFE12601BF7F00A77426 /* Task1.c */,
				3962DFEA2601C39500A77426 /* Task2.c */,
				3962DFFE2601FDAA00A77426 /* Task3.c */,
				3962DFF12601E28D00A77426 /* Task4.c */,
				3962DFF52601EC7700A77426 /* Task5.c */,
			);
			path = Classwork;
			sourceTree = "<group>";
		};
		3962E0032602037600A77426 /* Homework */ = {
			isa = PBXGroup;
			children = (
				3962E00926021C3F00A77426 /* Task2.c */,
				3962E00C26024A5C00A77426 /* Task3.c */,
			);
			path = Homework;
			sourceTree = "<group>";
		};
/* End PBXGroup section */

/* Begin PBXNativeTarget section */
		3962DFDD2601BF7F00A77426 /* Laboratory6 */ = {
			isa = PBXNativeTarget;
			buildConfigurationList = 3962DFE52601BF7F00A77426 /* Build configuration list for PBXNativeTarget "Laboratory6" */;
			buildPhases = (
				3962DFDA2601BF7F00A77426 /* Sources */,
				3962DFDB2601BF7F00A77426 /* Frameworks */,
				3962DFDC2601BF7F00A77426 /* CopyFiles */,
			);
			buildRules = (
			);
			dependencies = (
			);
			name = Laboratory6;
			productName = Laboratory6;
			productReference = 3962DFDE2601BF7F00A77426 /* Laboratory6 */;
			productType = "com.apple.product-type.tool";
		};
/* End PBXNativeTarget section */

/* Begin PBXProject section */
		3962DFD62601BF7F00A77426 /* Project object */ = {
			isa = PBXProject;
			attributes = {
				LastUpgradeCheck = 1240;
				TargetAttributes = {
					3962DFDD2601BF7F00A77426 = {
						CreatedOnToolsVersion = 12.4;
					};
				};
			};
			buildConfigurationList = 3962DFD92601BF7F00A77426 /* Build configuration list for PBXProject "Laboratory6" */;
			compatibilityVersion = "Xcode 9.3";
			developmentRegion = en;
			hasScannedForEncodings = 0;
			knownRegions = (
				en,
				Base,
			);
			mainGroup = 3962DFD52601BF7F00A77426;
			productRefGroup = 3962DFDF2601BF7F00A77426 /* Products */;
			projectDirPath = "";
			projectRoot = "";
			targets = (
				3962DFDD2601BF7F00A77426 /* Laboratory6 */,
			);
		};
/* End PBXProject section */

/* Begin PBXSourcesBuildPhase section */
		3962DFDA2601BF7F00A77426 /* Sources */ = {
			isa = PBXSourcesBuildPhase;
			buildActionMask = 2147483647;
			files = (
				3962E00A26021C3F00A77426 /* Task2.c in Sources */,
				3962DFF62601EC7700A77426 /* Task5.c in Sources */,
				3962DFE22601BF7F00A77426 /* Task1.c in Sources */,
				3962DFEB2601C39500A77426 /* Task2.c in Sources */,
				3962DFF22601E28D00A77426 /* Task4.c in Sources */,
				3962E00D26024A5C00A77426 /* Task3.c in Sources */,
				3962DFFF2601FDAA00A77426 /* Task3.c in Sources */,
			);
			runOnlyForDeploymentPostprocessing = 0;
		};
/* End PBXSourcesBuildPhase section */

/* Begin XCBuildConfiguration section */
		3962DFE32601BF7F00A77426 /* Debug */ = {
			isa = XCBuildConfiguration;
			buildSettings = {
				ALWAYS_SEARCH_USER_PATHS = NO;
				CLANG_ANALYZER_NONNULL = YES;
				CLANG_ANALYZER_NUMBER_OBJECT_CONVERSION = YES_AGGRESSIVE;
				CLANG_CXX_LANGUAGE_STANDARD = "gnu++14";
				CLANG_CXX_LIBRARY = "libc++";
				CLANG_ENABLE_MODULES = YES;
				CLANG_ENABLE_OBJC_ARC = YES;
				CLANG_ENABLE_OBJC_WEAK = YES;
				CLANG_WARN_BLOCK_CAPTURE_AUTORELEASING = YES;
				CLANG_WARN_BOOL_CONVERSION = YES;
				CLANG_WARN_COMMA = YES;
				CLANG_WARN_CONSTANT_CONVERSION = YES;
				CLANG_WARN_DEPRECATED_OBJC_IMPLEMENTATIONS = YES;
				CLANG_WARN_DIRECT_OBJC_ISA_USAGE = YES_ERROR;
				CLANG_WARN_DOCUMENTATION_COMMENTS = YES;
				CLANG_WARN_EMPTY_BODY = YES;
				CLANG_WARN_ENUM_CONVERSION = YES;
				CLANG_WARN_INFINITE_RECURSION = YES;
				CLANG_WARN_INT_CONVERSION = YES;
				CLANG_WARN_NON_LITERAL_NULL_CONVERSION = YES;
				CLANG_WARN_OBJC_IMPLICIT_RETAIN_SELF = YES;
				CLANG_WARN_OBJC_LITERAL_CONVERSION = YES;
				CLANG_WARN_OBJC_ROOT_CLASS = YES_ERROR;
				CLANG_WARN_QUOTED_INCLUDE_IN_FRAMEWORK_HEADER = YES;
				CLANG_WARN_RANGE_LOOP_ANALYSIS = YES;
				CLANG_WARN_STRICT_PROTOTYPES = YES;
				CLANG_WARN_SUSPICIOUS_MOVE = YES;
				CLANG_WARN_UNGUARDED_AVAILABILITY = YES_AGGRESSIVE;
				CLANG_WARN_UNREACHABLE_CODE = YES;
				CLANG_WARN__DUPLICATE_METHOD_MATCH = YES;
				COPY_PHASE_STRIP = NO;
				DEBUG_INFORMATION_FORMAT = dwarf;
				ENABLE_STRICT_OBJC_MSGSEND = YES;
				ENABLE_TESTABILITY = YES;
				GCC_C_LANGUAGE_STANDARD = gnu11;
				GCC_DYNAMIC_NO_PIC = NO;
				GCC_NO_COMMON_BLOCKS = YES;
				GCC_OPTIMIZATION_LEVEL = 0;
				GCC_PREPROCESSOR_DEFINITIONS = (
					"DEBUG=1",
					"$(inherited)",
				);
				GCC_WARN_64_TO_32_BIT_CONVERSION = YES;
				GCC_WARN_ABOUT_RETURN_TYPE = YES_ERROR;
				GCC_WARN_UNDECLARED_SELECTOR = YES;
				GCC_WARN_UNINITIALIZED_AUTOS = YES_AGGRESSIVE;
				GCC_WARN_UNUSED_FUNCTION = YES;
				GCC_WARN_UNUSED_VARIABLE = YES;
				MACOSX_DEPLOYMENT_TARGET = 11.0;
				MTL_ENABLE_DEBUG_INFO = INCLUDE_SOURCE;
				MTL_FAST_MATH = YES;
				ONLY_ACTIVE_ARCH = YES;
				SDKROOT = macosx;
			};
			name = Debug;
		};
		3962DFE42601BF7F00A77426 /* Release */ = {
			isa = XCBuildConfiguration;
			buildSettings = {
				ALWAYS_SEARCH_USER_PATHS = NO;
				CLANG_ANALYZER_NONNULL = YES;
				CLANG_ANALYZER_NUMBER_OBJECT_CONVERSION = YES_AGGRESSIVE;
				CLANG_CXX_LANGUAGE_STANDARD = "gnu++14";
				CLANG_CXX_LIBRARY = "libc++";
				CLANG_ENABLE_MODULES = YES;
				CLANG_ENABLE_OBJC_ARC = YES;
				CLANG_ENABLE_OBJC_WEAK = YES;
				CLANG_WARN_BLOCK_CAPTURE_AUTORELEASING = YES;
				CLANG_WARN_BOOL_CONVERSION = YES;
				CLANG_WARN_COMMA = YES;
				CLANG_WARN_CONSTANT_CONVERSION = YES;
				CLANG_WARN_DEPRECATED_OBJC_IMPLEMENTATIONS = YES;
				CLANG_WARN_DIRECT_OBJC_ISA_USAGE = YES_ERROR;
				CLANG_WARN_DOCUMENTATION_COMMENTS = YES;
				CLANG_WARN_EMPTY_BODY = YES;
				CLANG_WARN_ENUM_CONVERSION = YES;
				CLANG_WARN_INFINITE_RECURSION = YES;
				CLANG_WARN_INT_CONVERSION = YES;
				CLANG_WARN_NON_LITERAL_NULL_CONVERSION = YES;
				CLANG_WARN_OBJC_IMPLICIT_RETAIN_SELF = YES;
				CLANG_WARN_OBJC_LITERAL_CONVERSION = YES;
				CLANG_WARN_OBJC_ROOT_CLASS = YES_ERROR;
				CLANG_WARN_QUOTED_INCLUDE_IN_FRAMEWORK_HEADER = YES;
				CLANG_WARN_RANGE_LOOP_ANALYSIS = YES;
				CLANG_WARN_STRICT_PROTOTYPES = YES;
				CLANG_WARN_SUSPICIOUS_MOVE = YES;
				CLANG_WARN_UNGUARDED_AVAILABILITY = YES_AGGRESSIVE;
				CLANG_WARN_UNREACHABLE_CODE = YES;
				CLANG_WARN__DUPLICATE_METHOD_MATCH = YES;
				COPY_PHASE_STRIP = NO;
				DEBUG_INFORMATION_FORMAT = "dwarf-with-dsym";
				ENABLE_NS_ASSERTIONS = NO;
				ENABLE_STRICT_OBJC_MSGSEND = YES;
				GCC_C_LANGUAGE_STANDARD = gnu11;
				GCC_NO_COMMON_BLOCKS = YES;
				GCC_WARN_64_TO_32_BIT_CONVERSION = YES;
				GCC_WARN_ABOUT_RETURN_TYPE = YES_ERROR;
				GCC_WARN_UNDECLARED_SELECTOR = YES;
				GCC_WARN_UNINITIALIZED_AUTOS = YES_AGGRESSIVE;
				GCC_WARN_UNUSED_FUNCTION = YES;
				GCC_WARN_UNUSED_VARIABLE = YES;
				MACOSX_DEPLOYMENT_TARGET = 11.0;
				MTL_ENABLE_DEBUG_INFO = NO;
				MTL_FAST_MATH = YES;
				SDKROOT = macosx;
			};
			name = Release;
		};
		3962DFE62601BF7F00A77426 /* Debug */ = {
			isa = XCBuildConfiguration;
			buildSettings = {
				CODE_SIGN_STYLE = Automatic;
				DEVELOPMENT_TEAM = 3QF29QN473;
				ENABLE_HARDENED_RUNTIME = YES;
				PRODUCT_NAME = "$(TARGET_NAME)";
			};
			name = Debug;
		};
		3962DFE72601BF7F00A77426 /* Release */ = {
			isa = XCBuildConfiguration;
			buildSettings = {
				CODE_SIGN_STYLE = Automatic;
				DEVELOPMENT_TEAM = 3QF29QN473;
				ENABLE_HARDENED_RUNTIME = YES;
				PRODUCT_NAME = "$(TARGET_NAME)";
			};
			name = Release;
		};
/* End XCBuildConfiguration section */

/* Begin XCConfigurationList section */
		3962DFD92601BF7F00A77426 /* Build configuration list for PBXProject "Laboratory6" */ = {
			isa = XCConfigurationList;
			buildConfigurations = (
				3962DFE32601BF7F00A77426 /* Debug */,
				3962DFE42601BF7F00A77426 /* Release */,
			);
			defaultConfigurationIsVisible = 0;
			defaultConfigurationName = Release;
		};
		3962DFE52601BF7F00A77426 /* Build configuration list for PBXNativeTarget "Laboratory6" */ = {
			isa = XCConfigurationList;
			buildConfigurations = (
				3962DFE62601BF7F00A77426 /* Debug */,
				3962DFE72601BF7F00A77426 /* Release */,
			);
			defaultConfigurationIsVisible = 0;
			defaultConfigurationName = Release;
		};
/* End XCConfigurationList section */
	};
	rootObject = 3962DFD62601BF7F00A77426 /* Project object */;
}
