// !$*UTF8*$!
{
	archiveVersion = 1;
	classes = {
	};
	objectVersion = 50;
	objects = {

/* Begin PBXBuildFile section */
		39920A292632EE7800C9735E /* Task1.c in Sources */ = {isa = PBXBuildFile; fileRef = 39920A282632EE7800C9735E /* Task1.c */; };
		39920A342632FAE900C9735E /* Task2.c in Sources */ = {isa = PBXBuildFile; fileRef = 39920A332632FAE900C9735E /* Task2.c */; };
		39920A372632FC3C00C9735E /* Task3.c in Sources */ = {isa = PBXBuildFile; fileRef = 39920A362632FC3C00C9735E /* Task3.c */; };
		39920A3B2633005500C9735E /* Task1.c in Sources */ = {isa = PBXBuildFile; fileRef = 39920A3A2633005500C9735E /* Task1.c */; };
		39920A3F2633095800C9735E /* Task2.c in Sources */ = {isa = PBXBuildFile; fileRef = 39920A3E2633095800C9735E /* Task2.c */; };
		39920A422633E34E00C9735E /* Task3.c in Sources */ = {isa = PBXBuildFile; fileRef = 39920A412633E34E00C9735E /* Task3.c */; };
		39DB4B552637C707008FF906 /* Test.c in Sources */ = {isa = PBXBuildFile; fileRef = 39DB4B542637C707008FF906 /* Test.c */; };
/* End PBXBuildFile section */

/* Begin PBXCopyFilesBuildPhase section */
		39920A232632EE7800C9735E /* CopyFiles */ = {
			isa = PBXCopyFilesBuildPhase;
			buildActionMask = 2147483647;
			dstPath = /usr/share/man/man1/;
			dstSubfolderSpec = 0;
			files = (
			);
			runOnlyForDeploymentPostprocessing = 1;
		};
/* End PBXCopyFilesBuildPhase section */

/* Begin PBXFileReference section */
		39920A252632EE7800C9735E /* Lesson 12 */ = {isa = PBXFileReference; explicitFileType = "compiled.mach-o.executable"; includeInIndex = 0; path = "Lesson 12"; sourceTree = BUILT_PRODUCTS_DIR; };
		39920A282632EE7800C9735E /* Task1.c */ = {isa = PBXFileReference; lastKnownFileType = sourcecode.c.c; path = Task1.c; sourceTree = "<group>"; };
		39920A332632FAE900C9735E /* Task2.c */ = {isa = PBXFileReference; lastKnownFileType = sourcecode.c.c; path = Task2.c; sourceTree = "<group>"; };
		39920A362632FC3C00C9735E /* Task3.c */ = {isa = PBXFileReference; lastKnownFileType = sourcecode.c.c; path = Task3.c; sourceTree = "<group>"; };
		39920A3A2633005500C9735E /* Task1.c */ = {isa = PBXFileReference; lastKnownFileType = sourcecode.c.c; path = Task1.c; sourceTree = "<group>"; };
		39920A3E2633095800C9735E /* Task2.c */ = {isa = PBXFileReference; lastKnownFileType = sourcecode.c.c; path = Task2.c; sourceTree = "<group>"; };
		39920A412633E34E00C9735E /* Task3.c */ = {isa = PBXFileReference; lastKnownFileType = sourcecode.c.c; path = Task3.c; sourceTree = "<group>"; };
		39DB4B542637C707008FF906 /* Test.c */ = {isa = PBXFileReference; lastKnownFileType = sourcecode.c.c; path = Test.c; sourceTree = "<group>"; };
/* End PBXFileReference section */

/* Begin PBXFrameworksBuildPhase section */
		39920A222632EE7800C9735E /* Frameworks */ = {
			isa = PBXFrameworksBuildPhase;
			buildActionMask = 2147483647;
			files = (
			);
			runOnlyForDeploymentPostprocessing = 0;
		};
/* End PBXFrameworksBuildPhase section */

/* Begin PBXGroup section */
		39920A1C2632EE7800C9735E = {
			isa = PBXGroup;
			children = (
				39920A392633004A00C9735E /* Homework */,
				39920A272632EE7800C9735E /* Classwork */,
				39920A262632EE7800C9735E /* Products */,
			);
			sourceTree = "<group>";
		};
		39920A262632EE7800C9735E /* Products */ = {
			isa = PBXGroup;
			children = (
				39920A252632EE7800C9735E /* Lesson 12 */,
			);
			name = Products;
			sourceTree = "<group>";
		};
		39920A272632EE7800C9735E /* Classwork */ = {
			isa = PBXGroup;
			children = (
				39920A282632EE7800C9735E /* Task1.c */,
				39920A332632FAE900C9735E /* Task2.c */,
				39920A362632FC3C00C9735E /* Task3.c */,
				39DB4B542637C707008FF906 /* Test.c */,
			);
			path = Classwork;
			sourceTree = "<group>";
		};
		39920A392633004A00C9735E /* Homework */ = {
			isa = PBXGroup;
			children = (
				39920A3A2633005500C9735E /* Task1.c */,
				39920A3E2633095800C9735E /* Task2.c */,
				39920A412633E34E00C9735E /* Task3.c */,
			);
			path = Homework;
			sourceTree = "<group>";
		};
/* End PBXGroup section */

/* Begin PBXNativeTarget section */
		39920A242632EE7800C9735E /* Lesson 12 */ = {
			isa = PBXNativeTarget;
			buildConfigurationList = 39920A2C2632EE7800C9735E /* Build configuration list for PBXNativeTarget "Lesson 12" */;
			buildPhases = (
				39920A212632EE7800C9735E /* Sources */,
				39920A222632EE7800C9735E /* Frameworks */,
				39920A232632EE7800C9735E /* CopyFiles */,
			);
			buildRules = (
			);
			dependencies = (
			);
			name = "Lesson 12";
			productName = "Lesson 12";
			productReference = 39920A252632EE7800C9735E /* Lesson 12 */;
			productType = "com.apple.product-type.tool";
		};
/* End PBXNativeTarget section */

/* Begin PBXProject section */
		39920A1D2632EE7800C9735E /* Project object */ = {
			isa = PBXProject;
			attributes = {
				LastUpgradeCheck = 1240;
				TargetAttributes = {
					39920A242632EE7800C9735E = {
						CreatedOnToolsVersion = 12.4;
					};
				};
			};
			buildConfigurationList = 39920A202632EE7800C9735E /* Build configuration list for PBXProject "Lesson 12" */;
			compatibilityVersion = "Xcode 9.3";
			developmentRegion = en;
			hasScannedForEncodings = 0;
			knownRegions = (
				en,
				Base,
			);
			mainGroup = 39920A1C2632EE7800C9735E;
			productRefGroup = 39920A262632EE7800C9735E /* Products */;
			projectDirPath = "";
			projectRoot = "";
			targets = (
				39920A242632EE7800C9735E /* Lesson 12 */,
			);
		};
/* End PBXProject section */

/* Begin PBXSourcesBuildPhase section */
		39920A212632EE7800C9735E /* Sources */ = {
			isa = PBXSourcesBuildPhase;
			buildActionMask = 2147483647;
			files = (
				39920A422633E34E00C9735E /* Task3.c in Sources */,
				39920A3B2633005500C9735E /* Task1.c in Sources */,
				39920A372632FC3C00C9735E /* Task3.c in Sources */,
				39920A292632EE7800C9735E /* Task1.c in Sources */,
				39920A3F2633095800C9735E /* Task2.c in Sources */,
				39DB4B552637C707008FF906 /* Test.c in Sources */,
				39920A342632FAE900C9735E /* Task2.c in Sources */,
			);
			runOnlyForDeploymentPostprocessing = 0;
		};
/* End PBXSourcesBuildPhase section */

/* Begin XCBuildConfiguration section */
		39920A2A2632EE7800C9735E /* Debug */ = {
			isa = XCBuildConfiguration;
			buildSettings = {
				ALWAYS_SEARCH_USER_PATHS = NO;
				CLANG_ANALYZER_NONNULL = YES;
				CLANG_ANALYZER_NUMBER_OBJECT_CONVERSION = YES_AGGRESSIVE;
				CLANG_CXX_LANGUAGE_STANDARD = "gnu++14";
				CLANG_CXX_LIBRARY = "libc++";
				CLANG_ENABLE_MODULES = YES;
				CLANG_ENABLE_OBJC_ARC = YES;
				CLANG_ENABLE_OBJC_WEAK = YES;
				CLANG_WARN_BLOCK_CAPTURE_AUTORELEASING = YES;
				CLANG_WARN_BOOL_CONVERSION = YES;
				CLANG_WARN_COMMA = YES;
				CLANG_WARN_CONSTANT_CONVERSION = YES;
				CLANG_WARN_DEPRECATED_OBJC_IMPLEMENTATIONS = YES;
				CLANG_WARN_DIRECT_OBJC_ISA_USAGE = YES_ERROR;
				CLANG_WARN_DOCUMENTATION_COMMENTS = YES;
				CLANG_WARN_EMPTY_BODY = YES;
				CLANG_WARN_ENUM_CONVERSION = YES;
				CLANG_WARN_INFINITE_RECURSION = YES;
				CLANG_WARN_INT_CONVERSION = YES;
				CLANG_WARN_NON_LITERAL_NULL_CONVERSION = YES;
				CLANG_WARN_OBJC_IMPLICIT_RETAIN_SELF = YES;
				CLANG_WARN_OBJC_LITERAL_CONVERSION = YES;
				CLANG_WARN_OBJC_ROOT_CLASS = YES_ERROR;
				CLANG_WARN_QUOTED_INCLUDE_IN_FRAMEWORK_HEADER = YES;
				CLANG_WARN_RANGE_LOOP_ANALYSIS = YES;
				CLANG_WARN_STRICT_PROTOTYPES = YES;
				CLANG_WARN_SUSPICIOUS_MOVE = YES;
				CLANG_WARN_UNGUARDED_AVAILABILITY = YES_AGGRESSIVE;
				CLANG_WARN_UNREACHABLE_CODE = YES;
				CLANG_WARN__DUPLICATE_METHOD_MATCH = YES;
				COPY_PHASE_STRIP = NO;
				DEBUG_INFORMATION_FORMAT = dwarf;
				ENABLE_STRICT_OBJC_MSGSEND = YES;
				ENABLE_TESTABILITY = YES;
				GCC_C_LANGUAGE_STANDARD = gnu11;
				GCC_DYNAMIC_NO_PIC = NO;
				GCC_NO_COMMON_BLOCKS = YES;
				GCC_OPTIMIZATION_LEVEL = 0;
				GCC_PREPROCESSOR_DEFINITIONS = (
					"DEBUG=1",
					"$(inherited)",
				);
				GCC_WARN_64_TO_32_BIT_CONVERSION = YES;
				GCC_WARN_ABOUT_RETURN_TYPE = YES_ERROR;
				GCC_WARN_UNDECLARED_SELECTOR = YES;
				GCC_WARN_UNINITIALIZED_AUTOS = YES_AGGRESSIVE;
				GCC_WARN_UNUSED_FUNCTION = YES;
				GCC_WARN_UNUSED_VARIABLE = YES;
				MACOSX_DEPLOYMENT_TARGET = 11.0;
				MTL_ENABLE_DEBUG_INFO = INCLUDE_SOURCE;
				MTL_FAST_MATH = YES;
				ONLY_ACTIVE_ARCH = YES;
				SDKROOT = macosx;
			};
			name = Debug;
		};
		39920A2B2632EE7800C9735E /* Release */ = {
			isa = XCBuildConfiguration;
			buildSettings = {
				ALWAYS_SEARCH_USER_PATHS = NO;
				CLANG_ANALYZER_NONNULL = YES;
				CLANG_ANALYZER_NUMBER_OBJECT_CONVERSION = YES_AGGRESSIVE;
				CLANG_CXX_LANGUAGE_STANDARD = "gnu++14";
				CLANG_CXX_LIBRARY = "libc++";
				CLANG_ENABLE_MODULES = YES;
				CLANG_ENABLE_OBJC_ARC = YES;
				CLANG_ENABLE_OBJC_WEAK = YES;
				CLANG_WARN_BLOCK_CAPTURE_AUTORELEASING = YES;
				CLANG_WARN_BOOL_CONVERSION = YES;
				CLANG_WARN_COMMA = YES;
				CLANG_WARN_CONSTANT_CONVERSION = YES;
				CLANG_WARN_DEPRECATED_OBJC_IMPLEMENTATIONS = YES;
				CLANG_WARN_DIRECT_OBJC_ISA_USAGE = YES_ERROR;
				CLANG_WARN_DOCUMENTATION_COMMENTS = YES;
				CLANG_WARN_EMPTY_BODY = YES;
				CLANG_WARN_ENUM_CONVERSION = YES;
				CLANG_WARN_INFINITE_RECURSION = YES;
				CLANG_WARN_INT_CONVERSION = YES;
				CLANG_WARN_NON_LITERAL_NULL_CONVERSION = YES;
				CLANG_WARN_OBJC_IMPLICIT_RETAIN_SELF = YES;
				CLANG_WARN_OBJC_LITERAL_CONVERSION = YES;
				CLANG_WARN_OBJC_ROOT_CLASS = YES_ERROR;
				CLANG_WARN_QUOTED_INCLUDE_IN_FRAMEWORK_HEADER = YES;
				CLANG_WARN_RANGE_LOOP_ANALYSIS = YES;
				CLANG_WARN_STRICT_PROTOTYPES = YES;
				CLANG_WARN_SUSPICIOUS_MOVE = YES;
				CLANG_WARN_UNGUARDED_AVAILABILITY = YES_AGGRESSIVE;
				CLANG_WARN_UNREACHABLE_CODE = YES;
				CLANG_WARN__DUPLICATE_METHOD_MATCH = YES;
				COPY_PHASE_STRIP = NO;
				DEBUG_INFORMATION_FORMAT = "dwarf-with-dsym";
				ENABLE_NS_ASSERTIONS = NO;
				ENABLE_STRICT_OBJC_MSGSEND = YES;
				GCC_C_LANGUAGE_STANDARD = gnu11;
				GCC_NO_COMMON_BLOCKS = YES;
				GCC_WARN_64_TO_32_BIT_CONVERSION = YES;
				GCC_WARN_ABOUT_RETURN_TYPE = YES_ERROR;
				GCC_WARN_UNDECLARED_SELECTOR = YES;
				GCC_WARN_UNINITIALIZED_AUTOS = YES_AGGRESSIVE;
				GCC_WARN_UNUSED_FUNCTION = YES;
				GCC_WARN_UNUSED_VARIABLE = YES;
				MACOSX_DEPLOYMENT_TARGET = 11.0;
				MTL_ENABLE_DEBUG_INFO = NO;
				MTL_FAST_MATH = YES;
				SDKROOT = macosx;
			};
			name = Release;
		};
		39920A2D2632EE7800C9735E /* Debug */ = {
			isa = XCBuildConfiguration;
			buildSettings = {
				CODE_SIGN_STYLE = Automatic;
				DEVELOPMENT_TEAM = 3QF29QN473;
				ENABLE_HARDENED_RUNTIME = YES;
				PRODUCT_NAME = "$(TARGET_NAME)";
			};
			name = Debug;
		};
		39920A2E2632EE7800C9735E /* Release */ = {
			isa = XCBuildConfiguration;
			buildSettings = {
				CODE_SIGN_STYLE = Automatic;
				DEVELOPMENT_TEAM = 3QF29QN473;
				ENABLE_HARDENED_RUNTIME = YES;
				PRODUCT_NAME = "$(TARGET_NAME)";
			};
			name = Release;
		};
/* End XCBuildConfiguration section */

/* Begin XCConfigurationList section */
		39920A202632EE7800C9735E /* Build configuration list for PBXProject "Lesson 12" */ = {
			isa = XCConfigurationList;
			buildConfigurations = (
				39920A2A2632EE7800C9735E /* Debug */,
				39920A2B2632EE7800C9735E /* Release */,
			);
			defaultConfigurationIsVisible = 0;
			defaultConfigurationName = Release;
		};
		39920A2C2632EE7800C9735E /* Build configuration list for PBXNativeTarget "Lesson 12" */ = {
			isa = XCConfigurationList;
			buildConfigurations = (
				39920A2D2632EE7800C9735E /* Debug */,
				39920A2E2632EE7800C9735E /* Release */,
			);
			defaultConfigurationIsVisible = 0;
			defaultConfigurationName = Release;
		};
/* End XCConfigurationList section */
	};
	rootObject = 39920A1D2632EE7800C9735E /* Project object */;
}
