// !$*UTF8*$!
{
	archiveVersion = 1;
	classes = {
	};
	objectVersion = 50;
	objects = {

/* Begin PBXBuildFile section */
		3908E2B125D684A100FE32A4 /* Task2.c in Sources */ = {isa = PBXBuildFile; fileRef = 3908E2B025D684A100FE32A4 /* Task2.c */; };
		3908E2BE25D684B400FE32A4 /* Task1_f.c in Sources */ = {isa = PBXBuildFile; fileRef = 3908E2B825D684B400FE32A4 /* Task1_f.c */; };
		3908E2BF25D684B400FE32A4 /* Task1_b.c in Sources */ = {isa = PBXBuildFile; fileRef = 3908E2B925D684B400FE32A4 /* Task1_b.c */; };
		3908E2C025D684B400FE32A4 /* Task1_e.c in Sources */ = {isa = PBXBuildFile; fileRef = 3908E2BA25D684B400FE32A4 /* Task1_e.c */; };
		3908E2C125D684B400FE32A4 /* Task1_c.c in Sources */ = {isa = PBXBuildFile; fileRef = 3908E2BB25D684B400FE32A4 /* Task1_c.c */; };
		3908E2C225D684B400FE32A4 /* Task1_d.c in Sources */ = {isa = PBXBuildFile; fileRef = 3908E2BC25D684B400FE32A4 /* Task1_d.c */; };
		3908E2C325D684B400FE32A4 /* Task1_a.c in Sources */ = {isa = PBXBuildFile; fileRef = 3908E2BD25D684B400FE32A4 /* Task1_a.c */; };
		3908E2C825D688E200FE32A4 /* Task3.c in Sources */ = {isa = PBXBuildFile; fileRef = 3908E2C725D688E200FE32A4 /* Task3.c */; };
		3908E2CC25D68A4F00FE32A4 /* Task4.c in Sources */ = {isa = PBXBuildFile; fileRef = 3908E2CB25D68A4F00FE32A4 /* Task4.c */; };
		3908E2D025D68BD100FE32A4 /* Task5.c in Sources */ = {isa = PBXBuildFile; fileRef = 3908E2CF25D68BD100FE32A4 /* Task5.c */; };
		3908E2D325D68E6E00FE32A4 /* Task6.c in Sources */ = {isa = PBXBuildFile; fileRef = 3908E2D225D68E6E00FE32A4 /* Task6.c */; };
		3908E2D725D6910B00FE32A4 /* Task7.c in Sources */ = {isa = PBXBuildFile; fileRef = 3908E2D625D6910B00FE32A4 /* Task7.c */; };
/* End PBXBuildFile section */

/* Begin PBXCopyFilesBuildPhase section */
		3908E2AB25D684A100FE32A4 /* CopyFiles */ = {
			isa = PBXCopyFilesBuildPhase;
			buildActionMask = 2147483647;
			dstPath = /usr/share/man/man1/;
			dstSubfolderSpec = 0;
			files = (
			);
			runOnlyForDeploymentPostprocessing = 1;
		};
/* End PBXCopyFilesBuildPhase section */

/* Begin PBXFileReference section */
		3908E2AD25D684A100FE32A4 /* Laboratory2 */ = {isa = PBXFileReference; explicitFileType = "compiled.mach-o.executable"; includeInIndex = 0; path = Laboratory2; sourceTree = BUILT_PRODUCTS_DIR; };
		3908E2B025D684A100FE32A4 /* Task2.c */ = {isa = PBXFileReference; lastKnownFileType = sourcecode.c.c; path = Task2.c; sourceTree = "<group>"; };
		3908E2B825D684B400FE32A4 /* Task1_f.c */ = {isa = PBXFileReference; fileEncoding = 4; lastKnownFileType = sourcecode.c.c; name = Task1_f.c; path = "../../Task 1/Task1_f.c"; sourceTree = "<group>"; };
		3908E2B925D684B400FE32A4 /* Task1_b.c */ = {isa = PBXFileReference; fileEncoding = 4; lastKnownFileType = sourcecode.c.c; name = Task1_b.c; path = "../../Task 1/Task1_b.c"; sourceTree = "<group>"; };
		3908E2BA25D684B400FE32A4 /* Task1_e.c */ = {isa = PBXFileReference; fileEncoding = 4; lastKnownFileType = sourcecode.c.c; name = Task1_e.c; path = "../../Task 1/Task1_e.c"; sourceTree = "<group>"; };
		3908E2BB25D684B400FE32A4 /* Task1_c.c */ = {isa = PBXFileReference; fileEncoding = 4; lastKnownFileType = sourcecode.c.c; name = Task1_c.c; path = "../../Task 1/Task1_c.c"; sourceTree = "<group>"; };
		3908E2BC25D684B400FE32A4 /* Task1_d.c */ = {isa = PBXFileReference; fileEncoding = 4; lastKnownFileType = sourcecode.c.c; name = Task1_d.c; path = "../../Task 1/Task1_d.c"; sourceTree = "<group>"; };
		3908E2BD25D684B400FE32A4 /* Task1_a.c */ = {isa = PBXFileReference; fileEncoding = 4; lastKnownFileType = sourcecode.c.c; name = Task1_a.c; path = "../../Task 1/Task1_a.c"; sourceTree = "<group>"; };
		3908E2C725D688E200FE32A4 /* Task3.c */ = {isa = PBXFileReference; lastKnownFileType = sourcecode.c.c; path = Task3.c; sourceTree = "<group>"; };
		3908E2CB25D68A4F00FE32A4 /* Task4.c */ = {isa = PBXFileReference; lastKnownFileType = sourcecode.c.c; path = Task4.c; sourceTree = "<group>"; };
		3908E2CF25D68BD100FE32A4 /* Task5.c */ = {isa = PBXFileReference; lastKnownFileType = sourcecode.c.c; path = Task5.c; sourceTree = "<group>"; };
		3908E2D225D68E6E00FE32A4 /* Task6.c */ = {isa = PBXFileReference; lastKnownFileType = sourcecode.c.c; path = Task6.c; sourceTree = "<group>"; };
		3908E2D625D6910B00FE32A4 /* Task7.c */ = {isa = PBXFileReference; lastKnownFileType = sourcecode.c.c; path = Task7.c; sourceTree = "<group>"; };
/* End PBXFileReference section */

/* Begin PBXFrameworksBuildPhase section */
		3908E2AA25D684A100FE32A4 /* Frameworks */ = {
			isa = PBXFrameworksBuildPhase;
			buildActionMask = 2147483647;
			files = (
			);
			runOnlyForDeploymentPostprocessing = 0;
		};
/* End PBXFrameworksBuildPhase section */

/* Begin PBXGroup section */
		3908E2A425D684A100FE32A4 = {
			isa = PBXGroup;
			children = (
				3908E2AF25D684A100FE32A4 /* Laboratory2 */,
				3908E2AE25D684A100FE32A4 /* Products */,
			);
			sourceTree = "<group>";
		};
		3908E2AE25D684A100FE32A4 /* Products */ = {
			isa = PBXGroup;
			children = (
				3908E2AD25D684A100FE32A4 /* Laboratory2 */,
			);
			name = Products;
			sourceTree = "<group>";
		};
		3908E2AF25D684A100FE32A4 /* Laboratory2 */ = {
			isa = PBXGroup;
			children = (
				3908E2B025D684A100FE32A4 /* Task2.c */,
				3908E2C725D688E200FE32A4 /* Task3.c */,
				3908E2CB25D68A4F00FE32A4 /* Task4.c */,
				3908E2CF25D68BD100FE32A4 /* Task5.c */,
				3908E2D225D68E6E00FE32A4 /* Task6.c */,
				3908E2D625D6910B00FE32A4 /* Task7.c */,
				3908E2C525D6855000FE32A4 /* Task1 */,
				3908E2BD25D684B400FE32A4 /* Task1_a.c */,
				3908E2B925D684B400FE32A4 /* Task1_b.c */,
				3908E2BB25D684B400FE32A4 /* Task1_c.c */,
				3908E2BC25D684B400FE32A4 /* Task1_d.c */,
				3908E2BA25D684B400FE32A4 /* Task1_e.c */,
				3908E2B825D684B400FE32A4 /* Task1_f.c */,
			);
			path = Laboratory2;
			sourceTree = "<group>";
		};
		3908E2C525D6855000FE32A4 /* Task1 */ = {
			isa = PBXGroup;
			children = (
			);
			path = Task1;
			sourceTree = "<group>";
		};
/* End PBXGroup section */

/* Begin PBXNativeTarget section */
		3908E2AC25D684A100FE32A4 /* Laboratory2 */ = {
			isa = PBXNativeTarget;
			buildConfigurationList = 3908E2B425D684A100FE32A4 /* Build configuration list for PBXNativeTarget "Laboratory2" */;
			buildPhases = (
				3908E2A925D684A100FE32A4 /* Sources */,
				3908E2AA25D684A100FE32A4 /* Frameworks */,
				3908E2AB25D684A100FE32A4 /* CopyFiles */,
			);
			buildRules = (
			);
			dependencies = (
			);
			name = Laboratory2;
			productName = Laboratory2;
			productReference = 3908E2AD25D684A100FE32A4 /* Laboratory2 */;
			productType = "com.apple.product-type.tool";
		};
/* End PBXNativeTarget section */

/* Begin PBXProject section */
		3908E2A525D684A100FE32A4 /* Project object */ = {
			isa = PBXProject;
			attributes = {
				LastUpgradeCheck = 1240;
				TargetAttributes = {
					3908E2AC25D684A100FE32A4 = {
						CreatedOnToolsVersion = 12.4;
					};
				};
			};
			buildConfigurationList = 3908E2A825D684A100FE32A4 /* Build configuration list for PBXProject "Laboratory2" */;
			compatibilityVersion = "Xcode 9.3";
			developmentRegion = en;
			hasScannedForEncodings = 0;
			knownRegions = (
				en,
				Base,
			);
			mainGroup = 3908E2A425D684A100FE32A4;
			productRefGroup = 3908E2AE25D684A100FE32A4 /* Products */;
			projectDirPath = "";
			projectRoot = "";
			targets = (
				3908E2AC25D684A100FE32A4 /* Laboratory2 */,
			);
		};
/* End PBXProject section */

/* Begin PBXSourcesBuildPhase section */
		3908E2A925D684A100FE32A4 /* Sources */ = {
			isa = PBXSourcesBuildPhase;
			buildActionMask = 2147483647;
			files = (
				3908E2BF25D684B400FE32A4 /* Task1_b.c in Sources */,
				3908E2B125D684A100FE32A4 /* Task2.c in Sources */,
				3908E2C025D684B400FE32A4 /* Task1_e.c in Sources */,
				3908E2C225D684B400FE32A4 /* Task1_d.c in Sources */,
				3908E2CC25D68A4F00FE32A4 /* Task4.c in Sources */,
				3908E2BE25D684B400FE32A4 /* Task1_f.c in Sources */,
				3908E2D725D6910B00FE32A4 /* Task7.c in Sources */,
				3908E2D025D68BD100FE32A4 /* Task5.c in Sources */,
				3908E2C125D684B400FE32A4 /* Task1_c.c in Sources */,
				3908E2C825D688E200FE32A4 /* Task3.c in Sources */,
				3908E2D325D68E6E00FE32A4 /* Task6.c in Sources */,
				3908E2C325D684B400FE32A4 /* Task1_a.c in Sources */,
			);
			runOnlyForDeploymentPostprocessing = 0;
		};
/* End PBXSourcesBuildPhase section */

/* Begin XCBuildConfiguration section */
		3908E2B225D684A100FE32A4 /* Debug */ = {
			isa = XCBuildConfiguration;
			buildSettings = {
				ALWAYS_SEARCH_USER_PATHS = NO;
				CLANG_ANALYZER_NONNULL = YES;
				CLANG_ANALYZER_NUMBER_OBJECT_CONVERSION = YES_AGGRESSIVE;
				CLANG_CXX_LANGUAGE_STANDARD = "gnu++14";
				CLANG_CXX_LIBRARY = "libc++";
				CLANG_ENABLE_MODULES = YES;
				CLANG_ENABLE_OBJC_ARC = YES;
				CLANG_ENABLE_OBJC_WEAK = YES;
				CLANG_WARN_BLOCK_CAPTURE_AUTORELEASING = YES;
				CLANG_WARN_BOOL_CONVERSION = YES;
				CLANG_WARN_COMMA = YES;
				CLANG_WARN_CONSTANT_CONVERSION = YES;
				CLANG_WARN_DEPRECATED_OBJC_IMPLEMENTATIONS = YES;
				CLANG_WARN_DIRECT_OBJC_ISA_USAGE = YES_ERROR;
				CLANG_WARN_DOCUMENTATION_COMMENTS = YES;
				CLANG_WARN_EMPTY_BODY = YES;
				CLANG_WARN_ENUM_CONVERSION = YES;
				CLANG_WARN_INFINITE_RECURSION = YES;
				CLANG_WARN_INT_CONVERSION = YES;
				CLANG_WARN_NON_LITERAL_NULL_CONVERSION = YES;
				CLANG_WARN_OBJC_IMPLICIT_RETAIN_SELF = YES;
				CLANG_WARN_OBJC_LITERAL_CONVERSION = YES;
				CLANG_WARN_OBJC_ROOT_CLASS = YES_ERROR;
				CLANG_WARN_QUOTED_INCLUDE_IN_FRAMEWORK_HEADER = YES;
				CLANG_WARN_RANGE_LOOP_ANALYSIS = YES;
				CLANG_WARN_STRICT_PROTOTYPES = YES;
				CLANG_WARN_SUSPICIOUS_MOVE = YES;
				CLANG_WARN_UNGUARDED_AVAILABILITY = YES_AGGRESSIVE;
				CLANG_WARN_UNREACHABLE_CODE = YES;
				CLANG_WARN__DUPLICATE_METHOD_MATCH = YES;
				COPY_PHASE_STRIP = NO;
				DEBUG_INFORMATION_FORMAT = dwarf;
				ENABLE_STRICT_OBJC_MSGSEND = YES;
				ENABLE_TESTABILITY = YES;
				GCC_C_LANGUAGE_STANDARD = gnu11;
				GCC_DYNAMIC_NO_PIC = NO;
				GCC_NO_COMMON_BLOCKS = YES;
				GCC_OPTIMIZATION_LEVEL = 0;
				GCC_PREPROCESSOR_DEFINITIONS = (
					"DEBUG=1",
					"$(inherited)",
				);
				GCC_WARN_64_TO_32_BIT_CONVERSION = YES;
				GCC_WARN_ABOUT_RETURN_TYPE = YES_ERROR;
				GCC_WARN_UNDECLARED_SELECTOR = YES;
				GCC_WARN_UNINITIALIZED_AUTOS = YES_AGGRESSIVE;
				GCC_WARN_UNUSED_FUNCTION = YES;
				GCC_WARN_UNUSED_VARIABLE = YES;
				MACOSX_DEPLOYMENT_TARGET = 11.0;
				MTL_ENABLE_DEBUG_INFO = INCLUDE_SOURCE;
				MTL_FAST_MATH = YES;
				ONLY_ACTIVE_ARCH = YES;
				SDKROOT = macosx;
			};
			name = Debug;
		};
		3908E2B325D684A100FE32A4 /* Release */ = {
			isa = XCBuildConfiguration;
			buildSettings = {
				ALWAYS_SEARCH_USER_PATHS = NO;
				CLANG_ANALYZER_NONNULL = YES;
				CLANG_ANALYZER_NUMBER_OBJECT_CONVERSION = YES_AGGRESSIVE;
				CLANG_CXX_LANGUAGE_STANDARD = "gnu++14";
				CLANG_CXX_LIBRARY = "libc++";
				CLANG_ENABLE_MODULES = YES;
				CLANG_ENABLE_OBJC_ARC = YES;
				CLANG_ENABLE_OBJC_WEAK = YES;
				CLANG_WARN_BLOCK_CAPTURE_AUTORELEASING = YES;
				CLANG_WARN_BOOL_CONVERSION = YES;
				CLANG_WARN_COMMA = YES;
				CLANG_WARN_CONSTANT_CONVERSION = YES;
				CLANG_WARN_DEPRECATED_OBJC_IMPLEMENTATIONS = YES;
				CLANG_WARN_DIRECT_OBJC_ISA_USAGE = YES_ERROR;
				CLANG_WARN_DOCUMENTATION_COMMENTS = YES;
				CLANG_WARN_EMPTY_BODY = YES;
				CLANG_WARN_ENUM_CONVERSION = YES;
				CLANG_WARN_INFINITE_RECURSION = YES;
				CLANG_WARN_INT_CONVERSION = YES;
				CLANG_WARN_NON_LITERAL_NULL_CONVERSION = YES;
				CLANG_WARN_OBJC_IMPLICIT_RETAIN_SELF = YES;
				CLANG_WARN_OBJC_LITERAL_CONVERSION = YES;
				CLANG_WARN_OBJC_ROOT_CLASS = YES_ERROR;
				CLANG_WARN_QUOTED_INCLUDE_IN_FRAMEWORK_HEADER = YES;
				CLANG_WARN_RANGE_LOOP_ANALYSIS = YES;
				CLANG_WARN_STRICT_PROTOTYPES = YES;
				CLANG_WARN_SUSPICIOUS_MOVE = YES;
				CLANG_WARN_UNGUARDED_AVAILABILITY = YES_AGGRESSIVE;
				CLANG_WARN_UNREACHABLE_CODE = YES;
				CLANG_WARN__DUPLICATE_METHOD_MATCH = YES;
				COPY_PHASE_STRIP = NO;
				DEBUG_INFORMATION_FORMAT = "dwarf-with-dsym";
				ENABLE_NS_ASSERTIONS = NO;
				ENABLE_STRICT_OBJC_MSGSEND = YES;
				GCC_C_LANGUAGE_STANDARD = gnu11;
				GCC_NO_COMMON_BLOCKS = YES;
				GCC_WARN_64_TO_32_BIT_CONVERSION = YES;
				GCC_WARN_ABOUT_RETURN_TYPE = YES_ERROR;
				GCC_WARN_UNDECLARED_SELECTOR = YES;
				GCC_WARN_UNINITIALIZED_AUTOS = YES_AGGRESSIVE;
				GCC_WARN_UNUSED_FUNCTION = YES;
				GCC_WARN_UNUSED_VARIABLE = YES;
				MACOSX_DEPLOYMENT_TARGET = 11.0;
				MTL_ENABLE_DEBUG_INFO = NO;
				MTL_FAST_MATH = YES;
				SDKROOT = macosx;
			};
			name = Release;
		};
		3908E2B525D684A100FE32A4 /* Debug */ = {
			isa = XCBuildConfiguration;
			buildSettings = {
				CODE_SIGN_STYLE = Automatic;
				DEVELOPMENT_TEAM = 3QF29QN473;
				ENABLE_HARDENED_RUNTIME = YES;
				PRODUCT_NAME = "$(TARGET_NAME)";
			};
			name = Debug;
		};
		3908E2B625D684A100FE32A4 /* Release */ = {
			isa = XCBuildConfiguration;
			buildSettings = {
				CODE_SIGN_STYLE = Automatic;
				DEVELOPMENT_TEAM = 3QF29QN473;
				ENABLE_HARDENED_RUNTIME = YES;
				PRODUCT_NAME = "$(TARGET_NAME)";
			};
			name = Release;
		};
/* End XCBuildConfiguration section */

/* Begin XCConfigurationList section */
		3908E2A825D684A100FE32A4 /* Build configuration list for PBXProject "Laboratory2" */ = {
			isa = XCConfigurationList;
			buildConfigurations = (
				3908E2B225D684A100FE32A4 /* Debug */,
				3908E2B325D684A100FE32A4 /* Release */,
			);
			defaultConfigurationIsVisible = 0;
			defaultConfigurationName = Release;
		};
		3908E2B425D684A100FE32A4 /* Build configuration list for PBXNativeTarget "Laboratory2" */ = {
			isa = XCConfigurationList;
			buildConfigurations = (
				3908E2B525D684A100FE32A4 /* Debug */,
				3908E2B625D684A100FE32A4 /* Release */,
			);
			defaultConfigurationIsVisible = 0;
			defaultConfigurationName = Release;
		};
/* End XCConfigurationList section */
	};
	rootObject = 3908E2A525D684A100FE32A4 /* Project object */;
}
